{
  "version": 4,
  "terraform_version": "1.8.2",
  "serial": 4,
  "lineage": "277eb316-7c8a-c754-e577-076568dcecce",
  "outputs": {},
  "resources": [
    {
      "module": "module.database",
      "mode": "managed",
      "type": "snowflake_database",
      "name": "raw",
      "provider": "provider[\"registry.terraform.io/snowflake-labs/snowflake\"]",
      "instances": [
        {
          "schema_version": 0,
          "attributes": {
            "comment": "test db",
            "data_retention_time_in_days": 1,
            "from_database": null,
            "from_replica": null,
            "from_share": null,
            "id": "RAW",
            "is_transient": false,
            "name": "RAW",
            "replication_configuration": []
          },
          "sensitive_attributes": [],
          "private": "bnVsbA=="
        }
      ]
    },
    {
      "module": "module.tables",
      "mode": "managed",
      "type": "snowflake_table",
      "name": "intermediate_table",
      "provider": "provider[\"registry.terraform.io/snowflake-labs/snowflake\"]",
      "instances": [
        {
          "schema_version": 0,
          "attributes": {
            "change_tracking": false,
            "cluster_by": null,
            "column": [
              {
                "collate": "",
                "comment": "",
                "default": [],
                "identity": [],
                "masking_policy": "",
                "name": "ID",
                "nullable": true,
                "type": "NUMBER(2,0)"
              }
            ],
            "comment": "",
            "data_retention_time_in_days": -1,
            "database": "RAW",
            "id": "RAW|PUBLIC|intermediate_table",
            "name": "intermediate_table",
            "owner": "ACCOUNTADMIN",
            "primary_key": [],
            "qualified_name": "\"RAW\".\"PUBLIC\".\"intermediate_table\"",
            "schema": "PUBLIC",
            "tag": []
          },
          "sensitive_attributes": [],
          "private": "bnVsbA=="
        }
      ]
    },
    {
      "module": "module.tables",
      "mode": "managed",
      "type": "snowflake_table",
      "name": "raw_table",
      "provider": "provider[\"registry.terraform.io/snowflake-labs/snowflake\"]",
      "instances": [
        {
          "schema_version": 0,
          "attributes": {
            "change_tracking": false,
            "cluster_by": null,
            "column": [
              {
                "collate": "",
                "comment": "",
                "default": [],
                "identity": [],
                "masking_policy": "",
                "name": "ID",
                "nullable": true,
                "type": "NUMBER(2,0)"
              }
            ],
            "comment": "",
            "data_retention_time_in_days": -1,
            "database": "RAW",
            "id": "RAW|PUBLIC|raw_table",
            "name": "raw_table",
            "owner": "ACCOUNTADMIN",
            "primary_key": [],
            "qualified_name": "\"RAW\".\"PUBLIC\".\"raw_table\"",
            "schema": "PUBLIC",
            "tag": []
          },
          "sensitive_attributes": [],
          "private": "bnVsbA=="
        }
      ]
    }
  ],
  "check_results": null
}
